
Microsoft Visual Studio Solution File, Format Version 12.00
# Visual Studio Version 17
VisualStudioVersion = 17.8.34309.116
MinimumVisualStudioVersion = 10.0.40219.1
Project("{9A19103F-16F7-4668-BE54-9A1E7A4F7556}") = "Quizzler", "BasicApplication\Quizzler.csproj", "{8D0EF931-A90C-434F-A9DC-359A0415B456}"
EndProject
Global
	GlobalSection(SolutionConfigurationPlatforms) = preSolution
		Debug|Any CPU = Debug|Any CPU
		Release|Any CPU = Release|Any CPU
	EndGlobalSection
	GlobalSection(ProjectConfigurationPlatforms) = postSolution
		{8D0EF931-A90C-434F-A9DC-359A0415B456}.Debug|Any CPU.ActiveCfg = Debug|Any CPU
		{8D0EF931-A90C-434F-A9DC-359A0415B456}.Debug|Any CPU.Build.0 = Debug|Any CPU
		{8D0EF931-A90C-434F-A9DC-359A0415B456}.Release|Any CPU.ActiveCfg = Release|Any CPU
		{8D0EF931-A90C-434F-A9DC-359A0415B456}.Release|Any CPU.Build.0 = Release|Any CPU
	EndGlobalSection
	GlobalSection(SolutionProperties) = preSolution
		HideSolutionNode = FALSE
	EndGlobalSection
	GlobalSection(ExtensibilityGlobals) = postSolution
		SolutionGuid = {91C7D00E-9B70-48C5-81F9-43C9A8940D32}
	EndGlobalSection
EndGlobal
